{
  "name": "livekit",
  "version": "1.0.0",
  "lockfileVersion": 3,
  "requires": true,
  "packages": {
    "": {
      "name": "livekit",
      "version": "1.0.0",
      "license": "ISC",
      "dependencies": {
        "livekit-server-sdk": "^2.1.2"
      }
    },
    "node_modules/@bufbuild/protobuf": {
      "version": "1.8.0",
      "resolved": "https://registry.npmjs.org/@bufbuild/protobuf/-/protobuf-1.8.0.tgz",
      "integrity": "sha512-qR9FwI8QKIveDnUYutvfzbC21UZJJryYrLuZGjeZ/VGz+vXelUkK+xgkOHsvPEdYEdxtgUUq4313N8QtOehJ1Q=="
    },
    "node_modules/@livekit/protocol": {
      "version": "1.13.0",
      "resolved": "https://registry.npmjs.org/@livekit/protocol/-/protocol-1.13.0.tgz",
      "integrity": "sha512-M3U36VgRfb0VutWG6pnozXusL+mkYstbCctTLUyCIyye36Ztv1wA9zYpyYvz7VnsgmCn+g/g0eB2rnAkTVwcnA==",
      "dependencies": {
        "@bufbuild/protobuf": "^1.7.2"
      }
    },
    "node_modules/camelcase": {
      "version": "6.3.0",
      "resolved": "https://registry.npmjs.org/camelcase/-/camelcase-6.3.0.tgz",
      "integrity": "sha512-Gmy6FhYlCY7uOElZUSbxo2UCDH8owEk996gkbrpsgGtrJLM3J7jGxl9Ic7Qwwj4ivOE5AWZWRMecDdF7hqGjFA==",
      "engines": {
        "node": ">=10"
      },
      "funding": {
        "url": "https://github.com/sponsors/sindresorhus"
      }
    },
    "node_modules/camelcase-keys": {
      "version": "7.0.2",
      "resolved": "https://registry.npmjs.org/camelcase-keys/-/camelcase-keys-7.0.2.tgz",
      "integrity": "sha512-Rjs1H+A9R+Ig+4E/9oyB66UC5Mj9Xq3N//vcLf2WzgdTi/3gUu3Z9KoqmlrEG4VuuLK8wJHofxzdQXz/knhiYg==",
      "dependencies": {
        "camelcase": "^6.3.0",
        "map-obj": "^4.1.0",
        "quick-lru": "^5.1.1",
        "type-fest": "^1.2.1"
      },
      "engines": {
        "node": ">=12"
      },
      "funding": {
        "url": "https://github.com/sponsors/sindresorhus"
      }
    },
    "node_modules/jose": {
      "version": "5.2.4",
      "resolved": "https://registry.npmjs.org/jose/-/jose-5.2.4.tgz",
      "integrity": "sha512-6ScbIk2WWCeXkmzF6bRPmEuaqy1m8SbsRFMa/FLrSCkGIhj8OLVG/IH+XHVmNMx/KUo8cVWEE6oKR4dJ+S0Rkg==",
      "funding": {
        "url": "https://github.com/sponsors/panva"
      }
    },
    "node_modules/livekit-server-sdk": {
      "version": "2.1.2",
      "resolved": "https://registry.npmjs.org/livekit-server-sdk/-/livekit-server-sdk-2.1.2.tgz",
      "integrity": "sha512-ypevnVMsy5Sse2vR81BOx/P0PdV3NOj6kASkS4fyA/xiZEiFaOEa1SxJzREcs456hNGSiLkn/RrGcwk1ytaTuA==",
      "dependencies": {
        "@livekit/protocol": "^1.12.0",
        "camelcase-keys": "^7.0.0",
        "jose": "^5.1.2"
      },
      "engines": {
        "node": ">=18"
      }
    },
    "node_modules/map-obj": {
      "version": "4.3.0",
      "resolved": "https://registry.npmjs.org/map-obj/-/map-obj-4.3.0.tgz",
      "integrity": "sha512-hdN1wVrZbb29eBGiGjJbeP8JbKjq1urkHJ/LIP/NY48MZ1QVXUsQBV1G1zvYFHn1XE06cwjBsOI2K3Ulnj1YXQ==",
      "engines": {
        "node": ">=8"
      },
      "funding": {
        "url": "https://github.com/sponsors/sindresorhus"
      }
    },
    "node_modules/quick-lru": {
      "version": "5.1.1",
      "resolved": "https://registry.npmjs.org/quick-lru/-/quick-lru-5.1.1.tgz",
      "integrity": "sha512-WuyALRjWPDGtt/wzJiadO5AXY+8hZ80hVpe6MyivgraREW751X3SbhRvG3eLKOYN+8VEvqLcf3wdnt44Z4S4SA==",
      "engines": {
        "node": ">=10"
      },
      "funding": {
        "url": "https://github.com/sponsors/sindresorhus"
      }
    },
    "node_modules/type-fest": {
      "version": "1.4.0",
      "resolved": "https://registry.npmjs.org/type-fest/-/type-fest-1.4.0.tgz",
      "integrity": "sha512-yGSza74xk0UG8k+pLh5oeoYirvIiWo5t0/o3zHHAO2tRDiZcxWP7fywNlXhqb6/r6sWvwi+RsyQMWhVLe4BVuA==",
      "engines": {
        "node": ">=10"
      },
      "funding": {
        "url": "https://github.com/sponsors/sindresorhus"
      }
    }
  }
}
